// !$*UTF8*$!
{
	archiveVersion = 1;
	classes = {
	};
	objectVersion = 77;
	objects = {

/* Begin PBXBuildFile section */
		856216CED20D4B50502F93F9 /* Pods_CookBookApp.framework in Frameworks */ = {isa = PBXBuildFile; fileRef = 43099E2C4C22C198C16FEE86 /* Pods_CookBookApp.framework */; };
		87D6EC6D7B9134A107E5E9D1 /* Pods_CookBookApp_CookBookAppUITests.framework in Frameworks */ = {isa = PBXBuildFile; fileRef = 8D927EAC270E42F8B1AECD7B /* Pods_CookBookApp_CookBookAppUITests.framework */; };
		F2EAD7E94257E091EA697B0E /* Pods_CookBookAppTests.framework in Frameworks */ = {isa = PBXBuildFile; fileRef = 9C77A9AF79542EE6CE97FAA5 /* Pods_CookBookAppTests.framework */; };
/* End PBXBuildFile section */

/* Begin PBXContainerItemProxy section */
		3741E8F02E42A84700167FC6 /* PBXContainerItemProxy */ = {
			isa = PBXContainerItemProxy;
			containerPortal = 3741E8D72E42A83F00167FC6 /* Project object */;
			proxyType = 1;
			remoteGlobalIDString = 3741E8DE2E42A83F00167FC6;
			remoteInfo = cookbook;
		};
		3741E8FA2E42A84700167FC6 /* PBXContainerItemProxy */ = {
			isa = PBXContainerItemProxy;
			containerPortal = 3741E8D72E42A83F00167FC6 /* Project object */;
			proxyType = 1;
			remoteGlobalIDString = 3741E8DE2E42A83F00167FC6;
			remoteInfo = cookbook;
		};
/* End PBXContainerItemProxy section */

/* Begin PBXFileReference section */
		204F559947B3421DDB711077 /* Pods-CookBookAppTests.release.xcconfig */ = {isa = PBXFileReference; includeInIndex = 1; lastKnownFileType = text.xcconfig; name = "Pods-CookBookAppTests.release.xcconfig"; path = "Target Support Files/Pods-CookBookAppTests/Pods-CookBookAppTests.release.xcconfig"; sourceTree = "<group>"; };
		3741E8DF2E42A83F00167FC6 /* CookBookApp.app */ = {isa = PBXFileReference; explicitFileType = wrapper.application; includeInIndex = 0; path = CookBookApp.app; sourceTree = BUILT_PRODUCTS_DIR; };
		3741E8EF2E42A84700167FC6 /* CookBookAppTests.xctest */ = {isa = PBXFileReference; explicitFileType = wrapper.cfbundle; includeInIndex = 0; path = CookBookAppTests.xctest; sourceTree = BUILT_PRODUCTS_DIR; };
		3741E8F92E42A84700167FC6 /* CookBookAppUITests.xctest */ = {isa = PBXFileReference; explicitFileType = wrapper.cfbundle; includeInIndex = 0; path = CookBookAppUITests.xctest; sourceTree = BUILT_PRODUCTS_DIR; };
		43099E2C4C22C198C16FEE86 /* Pods_CookBookApp.framework */ = {isa = PBXFileReference; explicitFileType = wrapper.framework; includeInIndex = 0; path = Pods_CookBookApp.framework; sourceTree = BUILT_PRODUCTS_DIR; };
		794829EE39B3B7F6F98D0A68 /* Pods-CookBookApp-CookBookAppUITests.debug.xcconfig */ = {isa = PBXFileReference; includeInIndex = 1; lastKnownFileType = text.xcconfig; name = "Pods-CookBookApp-CookBookAppUITests.debug.xcconfig"; path = "Target Support Files/Pods-CookBookApp-CookBookAppUITests/Pods-CookBookApp-CookBookAppUITests.debug.xcconfig"; sourceTree = "<group>"; };
		8D927EAC270E42F8B1AECD7B /* Pods_CookBookApp_CookBookAppUITests.framework */ = {isa = PBXFileReference; explicitFileType = wrapper.framework; includeInIndex = 0; path = Pods_CookBookApp_CookBookAppUITests.framework; sourceTree = BUILT_PRODUCTS_DIR; };
		9C6B4D8E18E48F5098461BA4 /* Pods-CookBookApp.release.xcconfig */ = {isa = PBXFileReference; includeInIndex = 1; lastKnownFileType = text.xcconfig; name = "Pods-CookBookApp.release.xcconfig"; path = "Target Support Files/Pods-CookBookApp/Pods-CookBookApp.release.xcconfig"; sourceTree = "<group>"; };
		9C77A9AF79542EE6CE97FAA5 /* Pods_CookBookAppTests.framework */ = {isa = PBXFileReference; explicitFileType = wrapper.framework; includeInIndex = 0; path = Pods_CookBookAppTests.framework; sourceTree = BUILT_PRODUCTS_DIR; };
		A5816DEC5C8424B80BE8931B /* Pods-CookBookApp-CookBookAppUITests.release.xcconfig */ = {isa = PBXFileReference; includeInIndex = 1; lastKnownFileType = text.xcconfig; name = "Pods-CookBookApp-CookBookAppUITests.release.xcconfig"; path = "Target Support Files/Pods-CookBookApp-CookBookAppUITests/Pods-CookBookApp-CookBookAppUITests.release.xcconfig"; sourceTree = "<group>"; };
		C92A43AE978A272954C6EE4A /* Pods-CookBookAppTests.debug.xcconfig */ = {isa = PBXFileReference; includeInIndex = 1; lastKnownFileType = text.xcconfig; name = "Pods-CookBookAppTests.debug.xcconfig"; path = "Target Support Files/Pods-CookBookAppTests/Pods-CookBookAppTests.debug.xcconfig"; sourceTree = "<group>"; };
		FDE6B1AD8C5754FBC3D69A5C /* Pods-CookBookApp.debug.xcconfig */ = {isa = PBXFileReference; includeInIndex = 1; lastKnownFileType = text.xcconfig; name = "Pods-CookBookApp.debug.xcconfig"; path = "Target Support Files/Pods-CookBookApp/Pods-CookBookApp.debug.xcconfig"; sourceTree = "<group>"; };
/* End PBXFileReference section */

/* Begin PBXFileSystemSynchronizedRootGroup section */
		3741E8E12E42A83F00167FC6 /* cookbook */ = {
			isa = PBXFileSystemSynchronizedRootGroup;
			path = cookbook;
			sourceTree = "<group>";
		};
		3741E8F22E42A84700167FC6 /* cookbookTests */ = {
			isa = PBXFileSystemSynchronizedRootGroup;
			path = cookbookTests;
			sourceTree = "<group>";
		};
		3741E8FC2E42A84700167FC6 /* cookbookUITests */ = {
			isa = PBXFileSystemSynchronizedRootGroup;
			path = cookbookUITests;
			sourceTree = "<group>";
		};
/* End PBXFileSystemSynchronizedRootGroup section */

/* Begin PBXFrameworksBuildPhase section */
		3741E8DC2E42A83F00167FC6 /* Frameworks */ = {
			isa = PBXFrameworksBuildPhase;
			buildActionMask = 2147483647;
			files = (
				856216CED20D4B50502F93F9 /* Pods_CookBookApp.framework in Frameworks */,
			);
			runOnlyForDeploymentPostprocessing = 0;
		};
		3741E8EC2E42A84700167FC6 /* Frameworks */ = {
			isa = PBXFrameworksBuildPhase;
			buildActionMask = 2147483647;
			files = (
				F2EAD7E94257E091EA697B0E /* Pods_CookBookAppTests.framework in Frameworks */,
			);
			runOnlyForDeploymentPostprocessing = 0;
		};
		3741E8F62E42A84700167FC6 /* Frameworks */ = {
			isa = PBXFrameworksBuildPhase;
			buildActionMask = 2147483647;
			files = (
				87D6EC6D7B9134A107E5E9D1 /* Pods_CookBookApp_CookBookAppUITests.framework in Frameworks */,
			);
			runOnlyForDeploymentPostprocessing = 0;
		};
/* End PBXFrameworksBuildPhase section */

/* Begin PBXGroup section */
		13224413A75163E5481009A2 /* Pods */ = {
			isa = PBXGroup;
			children = (
				FDE6B1AD8C5754FBC3D69A5C /* Pods-CookBookApp.debug.xcconfig */,
				9C6B4D8E18E48F5098461BA4 /* Pods-CookBookApp.release.xcconfig */,
				794829EE39B3B7F6F98D0A68 /* Pods-CookBookApp-CookBookAppUITests.debug.xcconfig */,
				A5816DEC5C8424B80BE8931B /* Pods-CookBookApp-CookBookAppUITests.release.xcconfig */,
				C92A43AE978A272954C6EE4A /* Pods-CookBookAppTests.debug.xcconfig */,
				204F559947B3421DDB711077 /* Pods-CookBookAppTests.release.xcconfig */,
			);
			path = Pods;
			sourceTree = "<group>";
		};
		342A82BC5BF65E8DAFC23EF0 /* Frameworks */ = {
			isa = PBXGroup;
			children = (
				43099E2C4C22C198C16FEE86 /* Pods_CookBookApp.framework */,
				8D927EAC270E42F8B1AECD7B /* Pods_CookBookApp_CookBookAppUITests.framework */,
				9C77A9AF79542EE6CE97FAA5 /* Pods_CookBookAppTests.framework */,
			);
			name = Frameworks;
			sourceTree = "<group>";
		};
		3741E8D62E42A83F00167FC6 = {
			isa = PBXGroup;
			children = (
				3741E8E12E42A83F00167FC6 /* cookbook */,
				3741E8F22E42A84700167FC6 /* cookbookTests */,
				3741E8FC2E42A84700167FC6 /* cookbookUITests */,
				3741E8E02E42A83F00167FC6 /* Products */,
				13224413A75163E5481009A2 /* Pods */,
				342A82BC5BF65E8DAFC23EF0 /* Frameworks */,
			);
			sourceTree = "<group>";
		};
		3741E8E02E42A83F00167FC6 /* Products */ = {
			isa = PBXGroup;
			children = (
				3741E8DF2E42A83F00167FC6 /* CookBookApp.app */,
				3741E8EF2E42A84700167FC6 /* CookBookAppTests.xctest */,
				3741E8F92E42A84700167FC6 /* CookBookAppUITests.xctest */,
			);
			name = Products;
			sourceTree = "<group>";
		};
/* End PBXGroup section */

/* Begin PBXNativeTarget section */
		3741E8DE2E42A83F00167FC6 /* CookBookApp */ = {
			isa = PBXNativeTarget;
			buildConfigurationList = 3741E9032E42A84700167FC6 /* Build configuration list for PBXNativeTarget "CookBookApp" */;
			buildPhases = (
				AF545198AD31824ED4EC376A /* [CP] Check Pods Manifest.lock */,
				3741E8DB2E42A83F00167FC6 /* Sources */,
				3741E8DC2E42A83F00167FC6 /* Frameworks */,
				3741E8DD2E42A83F00167FC6 /* Resources */,
				E90D9E5D73383F93585F611C /* [CP] Embed Pods Frameworks */,
			);
			buildRules = (
			);
			dependencies = (
			);
			fileSystemSynchronizedGroups = (
				3741E8E12E42A83F00167FC6 /* cookbook */,
			);
			name = CookBookApp;
			productName = cookbook;
			productReference = 3741E8DF2E42A83F00167FC6 /* CookBookApp.app */;
			productType = "com.apple.product-type.application";
		};
		3741E8EE2E42A84700167FC6 /* CookBookAppTests */ = {
			isa = PBXNativeTarget;
			buildConfigurationList = 3741E9062E42A84700167FC6 /* Build configuration list for PBXNativeTarget "CookBookAppTests" */;
			buildPhases = (
				0B2E19EAD0B9233B11750F9C /* [CP] Check Pods Manifest.lock */,
				3741E8EB2E42A84700167FC6 /* Sources */,
				3741E8EC2E42A84700167FC6 /* Frameworks */,
				3741E8ED2E42A84700167FC6 /* Resources */,
			);
			buildRules = (
			);
			dependencies = (
				3741E8F12E42A84700167FC6 /* PBXTargetDependency */,
			);
			fileSystemSynchronizedGroups = (
				3741E8F22E42A84700167FC6 /* cookbookTests */,
			);
			name = CookBookAppTests;
			productName = cookbookTests;
			productReference = 3741E8EF2E42A84700167FC6 /* CookBookAppTests.xctest */;
			productType = "com.apple.product-type.bundle.unit-test";
		};
		3741E8F82E42A84700167FC6 /* CookBookAppUITests */ = {
			isa = PBXNativeTarget;
			buildConfigurationList = 3741E9092E42A84700167FC6 /* Build configuration list for PBXNativeTarget "CookBookAppUITests" */;
			buildPhases = (
				58AC51DE48869CDA9CD77218 /* [CP] Check Pods Manifest.lock */,
				3741E8F52E42A84700167FC6 /* Sources */,
				3741E8F62E42A84700167FC6 /* Frameworks */,
				3741E8F72E42A84700167FC6 /* Resources */,
				68C582C5B1B958C6B12BAFBC /* [CP] Embed Pods Frameworks */,
			);
			buildRules = (
			);
			dependencies = (
				3741E8FB2E42A84700167FC6 /* PBXTargetDependency */,
			);
			fileSystemSynchronizedGroups = (
				3741E8FC2E42A84700167FC6 /* cookbookUITests */,
			);
			name = CookBookAppUITests;
			productName = cookbookUITests;
			productReference = 3741E8F92E42A84700167FC6 /* CookBookAppUITests.xctest */;
			productType = "com.apple.product-type.bundle.ui-testing";
		};
/* End PBXNativeTarget section */

/* Begin PBXProject section */
		3741E8D72E42A83F00167FC6 /* Project object */ = {
			isa = PBXProject;
			attributes = {
				BuildIndependentTargetsInParallel = 1;
				LastSwiftUpdateCheck = 1620;
				LastUpgradeCheck = 1620;
				TargetAttributes = {
					3741E8DE2E42A83F00167FC6 = {
						CreatedOnToolsVersion = 16.2;
					};
					3741E8EE2E42A84700167FC6 = {
						CreatedOnToolsVersion = 16.2;
						TestTargetID = 3741E8DE2E42A83F00167FC6;
					};
					3741E8F82E42A84700167FC6 = {
						CreatedOnToolsVersion = 16.2;
						TestTargetID = 3741E8DE2E42A83F00167FC6;
					};
				};
			};
			buildConfigurationList = 3741E8DA2E42A83F00167FC6 /* Build configuration list for PBXProject "CookBookApp" */;
			developmentRegion = en;
			hasScannedForEncodings = 0;
			knownRegions = (
				en,
				Base,
			);
			mainGroup = 3741E8D62E42A83F00167FC6;
			minimizedProjectReferenceProxies = 1;
			preferredProjectObjectVersion = 77;
			productRefGroup = 3741E8E02E42A83F00167FC6 /* Products */;
			projectDirPath = "";
			projectRoot = "";
			targets = (
				3741E8DE2E42A83F00167FC6 /* CookBookApp */,
				3741E8EE2E42A84700167FC6 /* CookBookAppTests */,
				3741E8F82E42A84700167FC6 /* CookBookAppUITests */,
			);
		};
/* End PBXProject section */

/* Begin PBXResourcesBuildPhase section */
		3741E8DD2E42A83F00167FC6 /* Resources */ = {
			isa = PBXResourcesBuildPhase;
			buildActionMask = 2147483647;
			files = (
			);
			runOnlyForDeploymentPostprocessing = 0;
		};
		3741E8ED2E42A84700167FC6 /* Resources */ = {
			isa = PBXResourcesBuildPhase;
			buildActionMask = 2147483647;
			files = (
			);
			runOnlyForDeploymentPostprocessing = 0;
		};
		3741E8F72E42A84700167FC6 /* Resources */ = {
			isa = PBXResourcesBuildPhase;
			buildActionMask = 2147483647;
			files = (
			);
			runOnlyForDeploymentPostprocessing = 0;
		};
/* End PBXResourcesBuildPhase section */

/* Begin PBXShellScriptBuildPhase section */
		0B2E19EAD0B9233B11750F9C /* [CP] Check Pods Manifest.lock */ = {
			isa = PBXShellScriptBuildPhase;
			buildActionMask = 2147483647;
			files = (
			);
			inputFileListPaths = (
			);
			inputPaths = (
				"${PODS_PODFILE_DIR_PATH}/Podfile.lock",
				"${PODS_ROOT}/Manifest.lock",
			);
			name = "[CP] Check Pods Manifest.lock";
			outputFileListPaths = (
			);
			outputPaths = (
				"$(DERIVED_FILE_DIR)/Pods-CookBookAppTests-checkManifestLockResult.txt",
			);
			runOnlyForDeploymentPostprocessing = 0;
			shellPath = /bin/sh;
			shellScript = "diff \"${PODS_PODFILE_DIR_PATH}/Podfile.lock\" \"${PODS_ROOT}/Manifest.lock\" > /dev/null\nif [ $? != 0 ] ; then\n    # print error to STDERR\n    echo \"error: The sandbox is not in sync with the Podfile.lock. Run 'pod install' or update your CocoaPods installation.\" >&2\n    exit 1\nfi\n# This output is used by Xcode 'outputs' to avoid re-running this script phase.\necho \"SUCCESS\" > \"${SCRIPT_OUTPUT_FILE_0}\"\n";
			showEnvVarsInLog = 0;
		};
		58AC51DE48869CDA9CD77218 /* [CP] Check Pods Manifest.lock */ = {
			isa = PBXShellScriptBuildPhase;
			buildActionMask = 2147483647;
			files = (
			);
			inputFileListPaths = (
			);
			inputPaths = (
				"${PODS_PODFILE_DIR_PATH}/Podfile.lock",
				"${PODS_ROOT}/Manifest.lock",
			);
			name = "[CP] Check Pods Manifest.lock";
			outputFileListPaths = (
			);
			outputPaths = (
				"$(DERIVED_FILE_DIR)/Pods-CookBookApp-CookBookAppUITests-checkManifestLockResult.txt",
			);
			runOnlyForDeploymentPostprocessing = 0;
			shellPath = /bin/sh;
			shellScript = "diff \"${PODS_PODFILE_DIR_PATH}/Podfile.lock\" \"${PODS_ROOT}/Manifest.lock\" > /dev/null\nif [ $? != 0 ] ; then\n    # print error to STDERR\n    echo \"error: The sandbox is not in sync with the Podfile.lock. Run 'pod install' or update your CocoaPods installation.\" >&2\n    exit 1\nfi\n# This output is used by Xcode 'outputs' to avoid re-running this script phase.\necho \"SUCCESS\" > \"${SCRIPT_OUTPUT_FILE_0}\"\n";
			showEnvVarsInLog = 0;
		};
		68C582C5B1B958C6B12BAFBC /* [CP] Embed Pods Frameworks */ = {
			isa = PBXShellScriptBuildPhase;
			buildActionMask = 2147483647;
			files = (
			);
			inputFileListPaths = (
				"${PODS_ROOT}/Target Support Files/Pods-CookBookApp-CookBookAppUITests/Pods-CookBookApp-CookBookAppUITests-frameworks-${CONFIGURATION}-input-files.xcfilelist",
			);
			inputPaths = (
			);
			name = "[CP] Embed Pods Frameworks";
			outputFileListPaths = (
				"${PODS_ROOT}/Target Support Files/Pods-CookBookApp-CookBookAppUITests/Pods-CookBookApp-CookBookAppUITests-frameworks-${CONFIGURATION}-output-files.xcfilelist",
			);
			outputPaths = (
			);
			runOnlyForDeploymentPostprocessing = 0;
			shellPath = /bin/sh;
			shellScript = "\"${PODS_ROOT}/Target Support Files/Pods-CookBookApp-CookBookAppUITests/Pods-CookBookApp-CookBookAppUITests-frameworks.sh\"\n";
			showEnvVarsInLog = 0;
		};
		AF545198AD31824ED4EC376A /* [CP] Check Pods Manifest.lock */ = {
			isa = PBXShellScriptBuildPhase;
			buildActionMask = 2147483647;
			files = (
			);
			inputFileListPaths = (
			);
			inputPaths = (
				"${PODS_PODFILE_DIR_PATH}/Podfile.lock",
				"${PODS_ROOT}/Manifest.lock",
			);
			name = "[CP] Check Pods Manifest.lock";
			outputFileListPaths = (
			);
			outputPaths = (
				"$(DERIVED_FILE_DIR)/Pods-CookBookApp-checkManifestLockResult.txt",
			);
			runOnlyForDeploymentPostprocessing = 0;
			shellPath = /bin/sh;
			shellScript = "diff \"${PODS_PODFILE_DIR_PATH}/Podfile.lock\" \"${PODS_ROOT}/Manifest.lock\" > /dev/null\nif [ $? != 0 ] ; then\n    # print error to STDERR\n    echo \"error: The sandbox is not in sync with the Podfile.lock. Run 'pod install' or update your CocoaPods installation.\" >&2\n    exit 1\nfi\n# This output is used by Xcode 'outputs' to avoid re-running this script phase.\necho \"SUCCESS\" > \"${SCRIPT_OUTPUT_FILE_0}\"\n";
			showEnvVarsInLog = 0;
		};
		E90D9E5D73383F93585F611C /* [CP] Embed Pods Frameworks */ = {
			isa = PBXShellScriptBuildPhase;
			buildActionMask = 2147483647;
			files = (
			);
			inputFileListPaths = (
				"${PODS_ROOT}/Target Support Files/Pods-CookBookApp/Pods-CookBookApp-frameworks-${CONFIGURATION}-input-files.xcfilelist",
			);
			inputPaths = (
			);
			name = "[CP] Embed Pods Frameworks";
			outputFileListPaths = (
				"${PODS_ROOT}/Target Support Files/Pods-CookBookApp/Pods-CookBookApp-frameworks-${CONFIGURATION}-output-files.xcfilelist",
			);
			outputPaths = (
			);
			runOnlyForDeploymentPostprocessing = 0;
			shellPath = /bin/sh;
			shellScript = "\"${PODS_ROOT}/Target Support Files/Pods-CookBookApp/Pods-CookBookApp-frameworks.sh\"\n";
			showEnvVarsInLog = 0;
		};
/* End PBXShellScriptBuildPhase section */

/* Begin PBXSourcesBuildPhase section */
		3741E8DB2E42A83F00167FC6 /* Sources */ = {
			isa = PBXSourcesBuildPhase;
			buildActionMask = 2147483647;
			files = (
			);
			runOnlyForDeploymentPostprocessing = 0;
		};
		3741E8EB2E42A84700167FC6 /* Sources */ = {
			isa = PBXSourcesBuildPhase;
			buildActionMask = 2147483647;
			files = (
			);
			runOnlyForDeploymentPostprocessing = 0;
		};
		3741E8F52E42A84700167FC6 /* Sources */ = {
			isa = PBXSourcesBuildPhase;
			buildActionMask = 2147483647;
			files = (
			);
			runOnlyForDeploymentPostprocessing = 0;
		};
/* End PBXSourcesBuildPhase section */

/* Begin PBXTargetDependency section */
		3741E8F12E42A84700167FC6 /* PBXTargetDependency */ = {
			isa = PBXTargetDependency;
			target = 3741E8DE2E42A83F00167FC6 /* CookBookApp */;
			targetProxy = 3741E8F02E42A84700167FC6 /* PBXContainerItemProxy */;
		};
		3741E8FB2E42A84700167FC6 /* PBXTargetDependency */ = {
			isa = PBXTargetDependency;
			target = 3741E8DE2E42A83F00167FC6 /* CookBookApp */;
			targetProxy = 3741E8FA2E42A84700167FC6 /* PBXContainerItemProxy */;
		};
/* End PBXTargetDependency section */

/* Begin XCBuildConfiguration section */
		3741E9012E42A84700167FC6 /* Debug */ = {
			isa = XCBuildConfiguration;
			buildSettings = {
				ALWAYS_SEARCH_USER_PATHS = NO;
				ASSETCATALOG_COMPILER_GENERATE_SWIFT_ASSET_SYMBOL_EXTENSIONS = YES;
				CLANG_ANALYZER_NONNULL = YES;
				CLANG_ANALYZER_NUMBER_OBJECT_CONVERSION = YES_AGGRESSIVE;
				CLANG_CXX_LANGUAGE_STANDARD = "gnu++20";
				CLANG_ENABLE_MODULES = YES;
				CLANG_ENABLE_OBJC_ARC = YES;
				CLANG_ENABLE_OBJC_WEAK = YES;
				CLANG_WARN_BLOCK_CAPTURE_AUTORELEASING = YES;
				CLANG_WARN_BOOL_CONVERSION = YES;
				CLANG_WARN_COMMA = YES;
				CLANG_WARN_CONSTANT_CONVERSION = YES;
				CLANG_WARN_DEPRECATED_OBJC_IMPLEMENTATIONS = YES;
				CLANG_WARN_DIRECT_OBJC_ISA_USAGE = YES_ERROR;
				CLANG_WARN_DOCUMENTATION_COMMENTS = YES;
				CLANG_WARN_EMPTY_BODY = YES;
				CLANG_WARN_ENUM_CONVERSION = YES;
				CLANG_WARN_INFINITE_RECURSION = YES;
				CLANG_WARN_INT_CONVERSION = YES;
				CLANG_WARN_NON_LITERAL_NULL_CONVERSION = YES;
				CLANG_WARN_OBJC_IMPLICIT_RETAIN_SELF = YES;
				CLANG_WARN_OBJC_LITERAL_CONVERSION = YES;
				CLANG_WARN_OBJC_ROOT_CLASS = YES_ERROR;
				CLANG_WARN_QUOTED_INCLUDE_IN_FRAMEWORK_HEADER = YES;
				CLANG_WARN_RANGE_LOOP_ANALYSIS = YES;
				CLANG_WARN_STRICT_PROTOTYPES = YES;
				CLANG_WARN_SUSPICIOUS_MOVE = YES;
				CLANG_WARN_UNGUARDED_AVAILABILITY = YES_AGGRESSIVE;
				CLANG_WARN_UNREACHABLE_CODE = YES;
				CLANG_WARN__DUPLICATE_METHOD_MATCH = YES;
				COPY_PHASE_STRIP = NO;
				DEBUG_INFORMATION_FORMAT = dwarf;
				ENABLE_STRICT_OBJC_MSGSEND = YES;
				ENABLE_TESTABILITY = YES;
				ENABLE_USER_SCRIPT_SANDBOXING = YES;
				GCC_C_LANGUAGE_STANDARD = gnu17;
				GCC_DYNAMIC_NO_PIC = NO;
				GCC_NO_COMMON_BLOCKS = YES;
				GCC_OPTIMIZATION_LEVEL = 0;
				GCC_PREPROCESSOR_DEFINITIONS = (
					"DEBUG=1",
					"$(inherited)",
				);
				GCC_WARN_64_TO_32_BIT_CONVERSION = YES;
				GCC_WARN_ABOUT_RETURN_TYPE = YES_ERROR;
				GCC_WARN_UNDECLARED_SELECTOR = YES;
				GCC_WARN_UNINITIALIZED_AUTOS = YES_AGGRESSIVE;
				GCC_WARN_UNUSED_FUNCTION = YES;
				GCC_WARN_UNUSED_VARIABLE = YES;
				IPHONEOS_DEPLOYMENT_TARGET = 18.2;
				LOCALIZATION_PREFERS_STRING_CATALOGS = YES;
				MTL_ENABLE_DEBUG_INFO = INCLUDE_SOURCE;
				MTL_FAST_MATH = YES;
				ONLY_ACTIVE_ARCH = YES;
				SDKROOT = iphoneos;
				SWIFT_ACTIVE_COMPILATION_CONDITIONS = "DEBUG $(inherited)";
				SWIFT_OPTIMIZATION_LEVEL = "-Onone";
			};
			name = Debug;
		};
		3741E9022E42A84700167FC6 /* Release */ = {
			isa = XCBuildConfiguration;
			buildSettings = {
				ALWAYS_SEARCH_USER_PATHS = NO;
				ASSETCATALOG_COMPILER_GENERATE_SWIFT_ASSET_SYMBOL_EXTENSIONS = YES;
				CLANG_ANALYZER_NONNULL = YES;
				CLANG_ANALYZER_NUMBER_OBJECT_CONVERSION = YES_AGGRESSIVE;
				CLANG_CXX_LANGUAGE_STANDARD = "gnu++20";
				CLANG_ENABLE_MODULES = YES;
				CLANG_ENABLE_OBJC_ARC = YES;
				CLANG_ENABLE_OBJC_WEAK = YES;
				CLANG_WARN_BLOCK_CAPTURE_AUTORELEASING = YES;
				CLANG_WARN_BOOL_CONVERSION = YES;
				CLANG_WARN_COMMA = YES;
				CLANG_WARN_CONSTANT_CONVERSION = YES;
				CLANG_WARN_DEPRECATED_OBJC_IMPLEMENTATIONS = YES;
				CLANG_WARN_DIRECT_OBJC_ISA_USAGE = YES_ERROR;
				CLANG_WARN_DOCUMENTATION_COMMENTS = YES;
				CLANG_WARN_EMPTY_BODY = YES;
				CLANG_WARN_ENUM_CONVERSION = YES;
				CLANG_WARN_INFINITE_RECURSION = YES;
				CLANG_WARN_INT_CONVERSION = YES;
				CLANG_WARN_NON_LITERAL_NULL_CONVERSION = YES;
				CLANG_WARN_OBJC_IMPLICIT_RETAIN_SELF = YES;
				CLANG_WARN_OBJC_LITERAL_CONVERSION = YES;
				CLANG_WARN_OBJC_ROOT_CLASS = YES_ERROR;
				CLANG_WARN_QUOTED_INCLUDE_IN_FRAMEWORK_HEADER = YES;
				CLANG_WARN_RANGE_LOOP_ANALYSIS = YES;
				CLANG_WARN_STRICT_PROTOTYPES = YES;
				CLANG_WARN_SUSPICIOUS_MOVE = YES;
				CLANG_WARN_UNGUARDED_AVAILABILITY = YES_AGGRESSIVE;
				CLANG_WARN_UNREACHABLE_CODE = YES;
				CLANG_WARN__DUPLICATE_METHOD_MATCH = YES;
				COPY_PHASE_STRIP = NO;
				DEBUG_INFORMATION_FORMAT = "dwarf-with-dsym";
				ENABLE_NS_ASSERTIONS = NO;
				ENABLE_STRICT_OBJC_MSGSEND = YES;
				ENABLE_USER_SCRIPT_SANDBOXING = YES;
				GCC_C_LANGUAGE_STANDARD = gnu17;
				GCC_NO_COMMON_BLOCKS = YES;
				GCC_WARN_64_TO_32_BIT_CONVERSION = YES;
				GCC_WARN_ABOUT_RETURN_TYPE = YES_ERROR;
				GCC_WARN_UNDECLARED_SELECTOR = YES;
				GCC_WARN_UNINITIALIZED_AUTOS = YES_AGGRESSIVE;
				GCC_WARN_UNUSED_FUNCTION = YES;
				GCC_WARN_UNUSED_VARIABLE = YES;
				IPHONEOS_DEPLOYMENT_TARGET = 18.2;
				LOCALIZATION_PREFERS_STRING_CATALOGS = YES;
				MTL_ENABLE_DEBUG_INFO = NO;
				MTL_FAST_MATH = YES;
				SDKROOT = iphoneos;
				SWIFT_COMPILATION_MODE = wholemodule;
				VALIDATE_PRODUCT = YES;
			};
			name = Release;
		};
		3741E9042E42A84700167FC6 /* Debug */ = {
			isa = XCBuildConfiguration;
			baseConfigurationReference = FDE6B1AD8C5754FBC3D69A5C /* Pods-CookBookApp.debug.xcconfig */;
			buildSettings = {
				ASSETCATALOG_COMPILER_APPICON_NAME = AppIcon;
				ASSETCATALOG_COMPILER_GLOBAL_ACCENT_COLOR_NAME = AccentColor;
				CODE_SIGN_STYLE = Automatic;
				CURRENT_PROJECT_VERSION = 1;
				DEVELOPMENT_ASSET_PATHS = "\"cookbook/Preview Content\"";
				DEVELOPMENT_TEAM = 55N8VNQJ48;
				ENABLE_PREVIEWS = YES;
				ENABLE_USER_SCRIPT_SANDBOXING = NO;
				GENERATE_INFOPLIST_FILE = YES;
				INFOPLIST_KEY_UIApplicationSceneManifest_Generation = YES;
				INFOPLIST_KEY_UIApplicationSupportsIndirectInputEvents = YES;
				INFOPLIST_KEY_UILaunchScreen_Generation = YES;
				INFOPLIST_KEY_UISupportedInterfaceOrientations_iPad = "UIInterfaceOrientationPortrait UIInterfaceOrientationPortraitUpsideDown UIInterfaceOrientationLandscapeLeft UIInterfaceOrientationLandscapeRight";
				INFOPLIST_KEY_UISupportedInterfaceOrientations_iPhone = "UIInterfaceOrientationPortrait UIInterfaceOrientationLandscapeLeft UIInterfaceOrientationLandscapeRight";
				LD_RUNPATH_SEARCH_PATHS = (
					"$(inherited)",
					"@executable_path/Frameworks",
				);
				MARKETING_VERSION = 1.0;
				PRODUCT_BUNDLE_IDENTIFIER = io.github.taeonis.CookbookApp;
				PRODUCT_NAME = "$(TARGET_NAME)";
				SWIFT_EMIT_LOC_STRINGS = YES;
				SWIFT_VERSION = 5.0;
				TARGETED_DEVICE_FAMILY = "1,2";
			};
			name = Debug;
		};
		3741E9052E42A84700167FC6 /* Release */ = {
			isa = XCBuildConfiguration;
			baseConfigurationReference = 9C6B4D8E18E48F5098461BA4 /* Pods-CookBookApp.release.xcconfig */;
			buildSettings = {
				ASSETCATALOG_COMPILER_APPICON_NAME = AppIcon;
				ASSETCATALOG_COMPILER_GLOBAL_ACCENT_COLOR_NAME = AccentColor;
				CODE_SIGN_STYLE = Automatic;
				CURRENT_PROJECT_VERSION = 1;
				DEVELOPMENT_ASSET_PATHS = "\"cookbook/Preview Content\"";
				DEVELOPMENT_TEAM = 55N8VNQJ48;
				ENABLE_PREVIEWS = YES;
				ENABLE_USER_SCRIPT_SANDBOXING = NO;
				GENERATE_INFOPLIST_FILE = YES;
				INFOPLIST_KEY_UIApplicationSceneManifest_Generation = YES;
				INFOPLIST_KEY_UIApplicationSupportsIndirectInputEvents = YES;
				INFOPLIST_KEY_UILaunchScreen_Generation = YES;
				INFOPLIST_KEY_UISupportedInterfaceOrientations_iPad = "UIInterfaceOrientationPortrait UIInterfaceOrientationPortraitUpsideDown UIInterfaceOrientationLandscapeLeft UIInterfaceOrientationLandscapeRight";
				INFOPLIST_KEY_UISupportedInterfaceOrientations_iPhone = "UIInterfaceOrientationPortrait UIInterfaceOrientationLandscapeLeft UIInterfaceOrientationLandscapeRight";
				LD_RUNPATH_SEARCH_PATHS = (
					"$(inherited)",
					"@executable_path/Frameworks",
				);
				MARKETING_VERSION = 1.0;
				PRODUCT_BUNDLE_IDENTIFIER = io.github.taeonis.CookbookApp;
				PRODUCT_NAME = "$(TARGET_NAME)";
				SWIFT_EMIT_LOC_STRINGS = YES;
				SWIFT_VERSION = 5.0;
				TARGETED_DEVICE_FAMILY = "1,2";
			};
			name = Release;
		};
		3741E9072E42A84700167FC6 /* Debug */ = {
			isa = XCBuildConfiguration;
			baseConfigurationReference = C92A43AE978A272954C6EE4A /* Pods-CookBookAppTests.debug.xcconfig */;
			buildSettings = {
				BUNDLE_LOADER = "$(TEST_HOST)";
				CODE_SIGN_STYLE = Automatic;
				CURRENT_PROJECT_VERSION = 1;
				GENERATE_INFOPLIST_FILE = YES;
				IPHONEOS_DEPLOYMENT_TARGET = 18.2;
				MARKETING_VERSION = 1.0;
				PRODUCT_BUNDLE_IDENTIFIER = io.github.taeonis.cookbookTests;
				PRODUCT_NAME = "$(TARGET_NAME)";
				SWIFT_EMIT_LOC_STRINGS = NO;
				SWIFT_VERSION = 5.0;
				TARGETED_DEVICE_FAMILY = "1,2";
				TEST_HOST = "$(BUILT_PRODUCTS_DIR)/CookBookApp.app/$(BUNDLE_EXECUTABLE_FOLDER_PATH)/CookBookApp";
			};
			name = Debug;
		};
		3741E9082E42A84700167FC6 /* Release */ = {
			isa = XCBuildConfiguration;
			baseConfigurationReference = 204F559947B3421DDB711077 /* Pods-CookBookAppTests.release.xcconfig */;
			buildSettings = {
				BUNDLE_LOADER = "$(TEST_HOST)";
				CODE_SIGN_STYLE = Automatic;
				CURRENT_PROJECT_VERSION = 1;
				GENERATE_INFOPLIST_FILE = YES;
				IPHONEOS_DEPLOYMENT_TARGET = 18.2;
				MARKETING_VERSION = 1.0;
				PRODUCT_BUNDLE_IDENTIFIER = io.github.taeonis.cookbookTests;
				PRODUCT_NAME = "$(TARGET_NAME)";
				SWIFT_EMIT_LOC_STRINGS = NO;
				SWIFT_VERSION = 5.0;
				TARGETED_DEVICE_FAMILY = "1,2";
				TEST_HOST = "$(BUILT_PRODUCTS_DIR)/CookBookApp.app/$(BUNDLE_EXECUTABLE_FOLDER_PATH)/CookBookApp";
			};
			name = Release;
		};
		3741E90A2E42A84700167FC6 /* Debug */ = {
			isa = XCBuildConfiguration;
			baseConfigurationReference = 794829EE39B3B7F6F98D0A68 /* Pods-CookBookApp-CookBookAppUITests.debug.xcconfig */;
			buildSettings = {
				CODE_SIGN_STYLE = Automatic;
				CURRENT_PROJECT_VERSION = 1;
				GENERATE_INFOPLIST_FILE = YES;
				MARKETING_VERSION = 1.0;
				PRODUCT_BUNDLE_IDENTIFIER = io.github.taeonis.cookbookUITests;
				PRODUCT_NAME = "$(TARGET_NAME)";
				SWIFT_EMIT_LOC_STRINGS = NO;
				SWIFT_VERSION = 5.0;
				TARGETED_DEVICE_FAMILY = "1,2";
				TEST_TARGET_NAME = cookbook;
			};
			name = Debug;
		};
		3741E90B2E42A84700167FC6 /* Release */ = {
			isa = XCBuildConfiguration;
			baseConfigurationReference = A5816DEC5C8424B80BE8931B /* Pods-CookBookApp-CookBookAppUITests.release.xcconfig */;
			buildSettings = {
				CODE_SIGN_STYLE = Automatic;
				CURRENT_PROJECT_VERSION = 1;
				GENERATE_INFOPLIST_FILE = YES;
				MARKETING_VERSION = 1.0;
				PRODUCT_BUNDLE_IDENTIFIER = io.github.taeonis.cookbookUITests;
				PRODUCT_NAME = "$(TARGET_NAME)";
				SWIFT_EMIT_LOC_STRINGS = NO;
				SWIFT_VERSION = 5.0;
				TARGETED_DEVICE_FAMILY = "1,2";
				TEST_TARGET_NAME = cookbook;
			};
			name = Release;
		};
/* End XCBuildConfiguration section */

/* Begin XCConfigurationList section */
		3741E8DA2E42A83F00167FC6 /* Build configuration list for PBXProject "CookBookApp" */ = {
			isa = XCConfigurationList;
			buildConfigurations = (
				3741E9012E42A84700167FC6 /* Debug */,
				3741E9022E42A84700167FC6 /* Release */,
			);
			defaultConfigurationIsVisible = 0;
			defaultConfigurationName = Release;
		};
		3741E9032E42A84700167FC6 /* Build configuration list for PBXNativeTarget "CookBookApp" */ = {
			isa = XCConfigurationList;
			buildConfigurations = (
				3741E9042E42A84700167FC6 /* Debug */,
				3741E9052E42A84700167FC6 /* Release */,
			);
			defaultConfigurationIsVisible = 0;
			defaultConfigurationName = Release;
		};
		3741E9062E42A84700167FC6 /* Build configuration list for PBXNativeTarget "CookBookAppTests" */ = {
			isa = XCConfigurationList;
			buildConfigurations = (
				3741E9072E42A84700167FC6 /* Debug */,
				3741E9082E42A84700167FC6 /* Release */,
			);
			defaultConfigurationIsVisible = 0;
			defaultConfigurationName = Release;
		};
		3741E9092E42A84700167FC6 /* Build configuration list for PBXNativeTarget "CookBookAppUITests" */ = {
			isa = XCConfigurationList;
			buildConfigurations = (
				3741E90A2E42A84700167FC6 /* Debug */,
				3741E90B2E42A84700167FC6 /* Release */,
			);
			defaultConfigurationIsVisible = 0;
			defaultConfigurationName = Release;
		};
/* End XCConfigurationList section */
	};
	rootObject = 3741E8D72E42A83F00167FC6 /* Project object */;
}
